{
	"name": "@svelte-material-ui-test/test",
	"version": "2.0.0-beta.0",
	"lockfileVersion": 1,
	"requires": true,
	"dependencies": {
		"@svelte-material-ui-test/test": {
			"version": "2.0.0-beta.0",
			"resolved": "https://npm.pkg.github.com/download/@svelte-material-ui-test/test/2.0.0-beta.0/672ec6549ae0aadd8c4d2c45dfeb86d680a3b9a08bd32a8b58bc324ad36b5ca8",
			"integrity": "sha512-oWZaW1M5Qkp+ZpdazDqP9b7jQsDSL0N+C72MSXZNLhXVahFJ3Bo/On0wJgrP19JCKuP7Lvxtk9zebKVVZuNJ8w=="
		}
	}
}
